
Microsoft Visual Studio Solution File, Format Version 12.00
# Visual Studio Version 16
VisualStudioVersion = 16.0.31911.196
MinimumVisualStudioVersion = 10.0.40219.1
Project("{2150E333-8FDC-42A3-9474-1A3956D46DE8}") = "Common", "Common", "{CF792AE1-D2CA-4507-AD2A-0B555674A028}"
EndProject
Project("{2150E333-8FDC-42A3-9474-1A3956D46DE8}") = "Modules", "Modules", "{E47E2B17-2E50-4672-A7C3-9AF38C0117C7}"
EndProject
Project("{2150E333-8FDC-42A3-9474-1A3956D46DE8}") = "Shell", "Shell", "{9BFB279B-0506-421C-8B42-FCC23F838ACA}"
EndProject
Project("{9A19103F-16F7-4668-BE54-9A1E7A4F7556}") = "JeopardyGame", "Shell\JeopardyGame\JeopardyGame.csproj", "{46084E5C-A328-4DDF-A8EF-82F99918647E}"
EndProject
Project("{9A19103F-16F7-4668-BE54-9A1E7A4F7556}") = "Common.Core", "Common\Common.Core\Common.Core.csproj", "{AC7A420C-A27F-4505-A3FF-2474F0F839CB}"
EndProject
Project("{9A19103F-16F7-4668-BE54-9A1E7A4F7556}") = "ModuleA", "Modules\ModuleA\ModuleA.csproj", "{ED73024C-33BA-4E97-BA0E-8F684EE5830A}"
EndProject
Project("{9A19103F-16F7-4668-BE54-9A1E7A4F7556}") = "ModuleB", "Modules\ModuleB\ModuleB.csproj", "{1CB6BA37-D4E7-456B-979A-EB4D1B91464A}"
EndProject
Project("{9A19103F-16F7-4668-BE54-9A1E7A4F7556}") = "TelegramAPI.Test", "Modules\ModuleC\TelegramAPI.Test.csproj", "{88BC1D4D-44E2-460F-AFF9-2F69E69D3DE0}"
EndProject
Project("{2150E333-8FDC-42A3-9474-1A3956D46DE8}") = "Solution Items", "Solution Items", "{9B162CB6-846F-4C62-948F-EF2CC66BF398}"
	ProjectSection(SolutionItems) = preProject
		CreateBot.txt = CreateBot.txt
	EndProjectSection
EndProject
Project("{9A19103F-16F7-4668-BE54-9A1E7A4F7556}") = "DataDomain", "Modules\Domain\DataDomain\DataDomain.csproj", "{30CC2C3B-958B-4307-8D02-7827C8F490A9}"
EndProject
Project("{9A19103F-16F7-4668-BE54-9A1E7A4F7556}") = "TopicDb.Domain", "Modules\TopicsDB\TopicsDB.Domain\TopicDb.Domain.csproj", "{3E92361C-F51A-4BF8-A59B-51C058C84096}"
EndProject
Project("{2150E333-8FDC-42A3-9474-1A3956D46DE8}") = "TopicsDB", "TopicsDB", "{44C29FCD-DF67-4104-8F4D-9DFFEE6D538A}"
EndProject
Project("{9A19103F-16F7-4668-BE54-9A1E7A4F7556}") = "TopicDb.Module", "Modules\TopicsDB\TopicDb.Module\TopicDb.Module.csproj", "{8B8FDAB0-1EA6-44E3-A87D-369D2D575386}"
EndProject
Project("{9A19103F-16F7-4668-BE54-9A1E7A4F7556}") = "TopicsDB.Infrastructure", "Modules\TopicsDB\TopicsDB.Infrastructure\TopicsDB.Infrastructure.csproj", "{1E8CC013-7017-4E52-9B67-5B6D3F1DCD77}"
EndProject
Project("{9A19103F-16F7-4668-BE54-9A1E7A4F7556}") = "Common.Resources", "Common\Common.Resources\Common.Resources.csproj", "{69FD6E33-7A4D-483F-9386-7E2299AB1860}"
EndProject
Project("{9A19103F-16F7-4668-BE54-9A1E7A4F7556}") = "Common.Ui", "Common\Common.Ui\Common.Ui.csproj", "{5E6410E6-5ADB-4AC4-9093-FE0D1D239FEB}"
EndProject
Project("{2150E333-8FDC-42A3-9474-1A3956D46DE8}") = "AppModules", "AppModules", "{8305FFB1-80DA-4C01-A918-A937E876A060}"
EndProject
Project("{2150E333-8FDC-42A3-9474-1A3956D46DE8}") = "Notification", "Notification", "{37806DC9-7C46-431F-8626-3271BC0380FB}"
EndProject
Project("{9A19103F-16F7-4668-BE54-9A1E7A4F7556}") = "Notification.Module", "Modules\AppModules\Notification\Notification.Module\Notification.Module.csproj", "{DF6F7248-EE54-4B72-B68A-9B231CE27947}"
EndProject
Project("{9A19103F-16F7-4668-BE54-9A1E7A4F7556}") = "Common.Extensions", "Common\Extensions\Common.Extensions\Common.Extensions.csproj", "{199824DB-BA87-4308-81ED-A1DF3558BFA8}"
EndProject
Project("{2150E333-8FDC-42A3-9474-1A3956D46DE8}") = "Confirmation", "Confirmation", "{50C652AB-9AA7-43A2-965F-44E037932D87}"
EndProject
Project("{2150E333-8FDC-42A3-9474-1A3956D46DE8}") = "Infrastructure", "Infrastructure", "{15E30DFD-6495-4CD4-8820-164693D1A15E}"
EndProject
Project("{9A19103F-16F7-4668-BE54-9A1E7A4F7556}") = "Infrastructure.Domain", "Modules\AppModules\Infrastructure\Infrastructure.Domain\Infrastructure.Domain.csproj", "{4121736B-0EBE-488D-BBDC-2B05D32E5DAD}"
EndProject
Project("{9A19103F-16F7-4668-BE54-9A1E7A4F7556}") = "Infrastructure.Interfaces", "Modules\AppModules\Infrastructure\Infrastructure.Interfaces\Infrastructure.Interfaces.csproj", "{EBBF8809-36D5-4984-8E33-7B18950BED9B}"
EndProject
Project("{9A19103F-16F7-4668-BE54-9A1E7A4F7556}") = "Infrastructure.Module", "Modules\AppModules\Infrastructure\Infrastructure.Module\Infrastructure.Module.csproj", "{0A060E83-1B7E-405E-B2E9-7B543EEE6D4C}"
EndProject
Project("{9A19103F-16F7-4668-BE54-9A1E7A4F7556}") = "Confirmation.Module", "Modules\AppModules\Confirmation\Confirmation.Module\Confirmation.Module.csproj", "{68616DF8-3026-4F67-BE7C-1B27347303DD}"
EndProject
Project("{2150E333-8FDC-42A3-9474-1A3956D46DE8}") = "Users", "Users", "{DEE42C47-E293-4A4F-9233-9CC1963FC0DF}"
EndProject
Project("{9A19103F-16F7-4668-BE54-9A1E7A4F7556}") = "Users.Infrastructure", "Modules\Users\Users.Infrastructure\Users.Infrastructure.csproj", "{A4D036D0-A716-4803-A902-E8C5513DC617}"
EndProject
Project("{9A19103F-16F7-4668-BE54-9A1E7A4F7556}") = "Users.Module", "Modules\Users\Users.Module\Users.Module.csproj", "{8F5C3A8A-9385-4C39-AD32-89989A88984C}"
EndProject
Project("{9A19103F-16F7-4668-BE54-9A1E7A4F7556}") = "Users.Domain", "Modules\Users\Users.Domain\Users.Domain.csproj", "{84044573-628F-4855-812B-A3FECE7FCF96}"
EndProject
Global
	GlobalSection(SolutionConfigurationPlatforms) = preSolution
		Debug|Any CPU = Debug|Any CPU
		Debug|x86 = Debug|x86
		Release|Any CPU = Release|Any CPU
		Release|x86 = Release|x86
	EndGlobalSection
	GlobalSection(ProjectConfigurationPlatforms) = postSolution
		{46084E5C-A328-4DDF-A8EF-82F99918647E}.Debug|Any CPU.ActiveCfg = Debug|Any CPU
		{46084E5C-A328-4DDF-A8EF-82F99918647E}.Debug|Any CPU.Build.0 = Debug|Any CPU
		{46084E5C-A328-4DDF-A8EF-82F99918647E}.Debug|x86.ActiveCfg = Debug|Any CPU
		{46084E5C-A328-4DDF-A8EF-82F99918647E}.Debug|x86.Build.0 = Debug|Any CPU
		{46084E5C-A328-4DDF-A8EF-82F99918647E}.Release|Any CPU.ActiveCfg = Release|Any CPU
		{46084E5C-A328-4DDF-A8EF-82F99918647E}.Release|Any CPU.Build.0 = Release|Any CPU
		{46084E5C-A328-4DDF-A8EF-82F99918647E}.Release|x86.ActiveCfg = Release|Any CPU
		{46084E5C-A328-4DDF-A8EF-82F99918647E}.Release|x86.Build.0 = Release|Any CPU
		{AC7A420C-A27F-4505-A3FF-2474F0F839CB}.Debug|Any CPU.ActiveCfg = Debug|Any CPU
		{AC7A420C-A27F-4505-A3FF-2474F0F839CB}.Debug|Any CPU.Build.0 = Debug|Any CPU
		{AC7A420C-A27F-4505-A3FF-2474F0F839CB}.Debug|x86.ActiveCfg = Debug|Any CPU
		{AC7A420C-A27F-4505-A3FF-2474F0F839CB}.Debug|x86.Build.0 = Debug|Any CPU
		{AC7A420C-A27F-4505-A3FF-2474F0F839CB}.Release|Any CPU.ActiveCfg = Release|Any CPU
		{AC7A420C-A27F-4505-A3FF-2474F0F839CB}.Release|Any CPU.Build.0 = Release|Any CPU
		{AC7A420C-A27F-4505-A3FF-2474F0F839CB}.Release|x86.ActiveCfg = Release|Any CPU
		{AC7A420C-A27F-4505-A3FF-2474F0F839CB}.Release|x86.Build.0 = Release|Any CPU
		{ED73024C-33BA-4E97-BA0E-8F684EE5830A}.Debug|Any CPU.ActiveCfg = Debug|Any CPU
		{ED73024C-33BA-4E97-BA0E-8F684EE5830A}.Debug|Any CPU.Build.0 = Debug|Any CPU
		{ED73024C-33BA-4E97-BA0E-8F684EE5830A}.Debug|x86.ActiveCfg = Debug|Any CPU
		{ED73024C-33BA-4E97-BA0E-8F684EE5830A}.Debug|x86.Build.0 = Debug|Any CPU
		{ED73024C-33BA-4E97-BA0E-8F684EE5830A}.Release|Any CPU.ActiveCfg = Release|Any CPU
		{ED73024C-33BA-4E97-BA0E-8F684EE5830A}.Release|Any CPU.Build.0 = Release|Any CPU
		{ED73024C-33BA-4E97-BA0E-8F684EE5830A}.Release|x86.ActiveCfg = Release|Any CPU
		{ED73024C-33BA-4E97-BA0E-8F684EE5830A}.Release|x86.Build.0 = Release|Any CPU
		{1CB6BA37-D4E7-456B-979A-EB4D1B91464A}.Debug|Any CPU.ActiveCfg = Debug|Any CPU
		{1CB6BA37-D4E7-456B-979A-EB4D1B91464A}.Debug|Any CPU.Build.0 = Debug|Any CPU
		{1CB6BA37-D4E7-456B-979A-EB4D1B91464A}.Debug|x86.ActiveCfg = Debug|Any CPU
		{1CB6BA37-D4E7-456B-979A-EB4D1B91464A}.Debug|x86.Build.0 = Debug|Any CPU
		{1CB6BA37-D4E7-456B-979A-EB4D1B91464A}.Release|Any CPU.ActiveCfg = Release|Any CPU
		{1CB6BA37-D4E7-456B-979A-EB4D1B91464A}.Release|Any CPU.Build.0 = Release|Any CPU
		{1CB6BA37-D4E7-456B-979A-EB4D1B91464A}.Release|x86.ActiveCfg = Release|Any CPU
		{1CB6BA37-D4E7-456B-979A-EB4D1B91464A}.Release|x86.Build.0 = Release|Any CPU
		{88BC1D4D-44E2-460F-AFF9-2F69E69D3DE0}.Debug|Any CPU.ActiveCfg = Debug|Any CPU
		{88BC1D4D-44E2-460F-AFF9-2F69E69D3DE0}.Debug|Any CPU.Build.0 = Debug|Any CPU
		{88BC1D4D-44E2-460F-AFF9-2F69E69D3DE0}.Debug|x86.ActiveCfg = Debug|Any CPU
		{88BC1D4D-44E2-460F-AFF9-2F69E69D3DE0}.Debug|x86.Build.0 = Debug|Any CPU
		{88BC1D4D-44E2-460F-AFF9-2F69E69D3DE0}.Release|Any CPU.ActiveCfg = Release|Any CPU
		{88BC1D4D-44E2-460F-AFF9-2F69E69D3DE0}.Release|Any CPU.Build.0 = Release|Any CPU
		{88BC1D4D-44E2-460F-AFF9-2F69E69D3DE0}.Release|x86.ActiveCfg = Release|Any CPU
		{88BC1D4D-44E2-460F-AFF9-2F69E69D3DE0}.Release|x86.Build.0 = Release|Any CPU
		{30CC2C3B-958B-4307-8D02-7827C8F490A9}.Debug|Any CPU.ActiveCfg = Debug|Any CPU
		{30CC2C3B-958B-4307-8D02-7827C8F490A9}.Debug|Any CPU.Build.0 = Debug|Any CPU
		{30CC2C3B-958B-4307-8D02-7827C8F490A9}.Debug|x86.ActiveCfg = Debug|Any CPU
		{30CC2C3B-958B-4307-8D02-7827C8F490A9}.Debug|x86.Build.0 = Debug|Any CPU
		{30CC2C3B-958B-4307-8D02-7827C8F490A9}.Release|Any CPU.ActiveCfg = Release|Any CPU
		{30CC2C3B-958B-4307-8D02-7827C8F490A9}.Release|Any CPU.Build.0 = Release|Any CPU
		{30CC2C3B-958B-4307-8D02-7827C8F490A9}.Release|x86.ActiveCfg = Release|Any CPU
		{30CC2C3B-958B-4307-8D02-7827C8F490A9}.Release|x86.Build.0 = Release|Any CPU
		{3E92361C-F51A-4BF8-A59B-51C058C84096}.Debug|Any CPU.ActiveCfg = Debug|Any CPU
		{3E92361C-F51A-4BF8-A59B-51C058C84096}.Debug|Any CPU.Build.0 = Debug|Any CPU
		{3E92361C-F51A-4BF8-A59B-51C058C84096}.Debug|x86.ActiveCfg = Debug|Any CPU
		{3E92361C-F51A-4BF8-A59B-51C058C84096}.Debug|x86.Build.0 = Debug|Any CPU
		{3E92361C-F51A-4BF8-A59B-51C058C84096}.Release|Any CPU.ActiveCfg = Release|Any CPU
		{3E92361C-F51A-4BF8-A59B-51C058C84096}.Release|Any CPU.Build.0 = Release|Any CPU
		{3E92361C-F51A-4BF8-A59B-51C058C84096}.Release|x86.ActiveCfg = Release|Any CPU
		{3E92361C-F51A-4BF8-A59B-51C058C84096}.Release|x86.Build.0 = Release|Any CPU
		{8B8FDAB0-1EA6-44E3-A87D-369D2D575386}.Debug|Any CPU.ActiveCfg = Debug|Any CPU
		{8B8FDAB0-1EA6-44E3-A87D-369D2D575386}.Debug|Any CPU.Build.0 = Debug|Any CPU
		{8B8FDAB0-1EA6-44E3-A87D-369D2D575386}.Debug|x86.ActiveCfg = Debug|Any CPU
		{8B8FDAB0-1EA6-44E3-A87D-369D2D575386}.Debug|x86.Build.0 = Debug|Any CPU
		{8B8FDAB0-1EA6-44E3-A87D-369D2D575386}.Release|Any CPU.ActiveCfg = Release|Any CPU
		{8B8FDAB0-1EA6-44E3-A87D-369D2D575386}.Release|Any CPU.Build.0 = Release|Any CPU
		{8B8FDAB0-1EA6-44E3-A87D-369D2D575386}.Release|x86.ActiveCfg = Release|Any CPU
		{8B8FDAB0-1EA6-44E3-A87D-369D2D575386}.Release|x86.Build.0 = Release|Any CPU
		{1E8CC013-7017-4E52-9B67-5B6D3F1DCD77}.Debug|Any CPU.ActiveCfg = Debug|Any CPU
		{1E8CC013-7017-4E52-9B67-5B6D3F1DCD77}.Debug|Any CPU.Build.0 = Debug|Any CPU
		{1E8CC013-7017-4E52-9B67-5B6D3F1DCD77}.Debug|x86.ActiveCfg = Debug|Any CPU
		{1E8CC013-7017-4E52-9B67-5B6D3F1DCD77}.Debug|x86.Build.0 = Debug|Any CPU
		{1E8CC013-7017-4E52-9B67-5B6D3F1DCD77}.Release|Any CPU.ActiveCfg = Release|Any CPU
		{1E8CC013-7017-4E52-9B67-5B6D3F1DCD77}.Release|Any CPU.Build.0 = Release|Any CPU
		{1E8CC013-7017-4E52-9B67-5B6D3F1DCD77}.Release|x86.ActiveCfg = Release|Any CPU
		{1E8CC013-7017-4E52-9B67-5B6D3F1DCD77}.Release|x86.Build.0 = Release|Any CPU
		{69FD6E33-7A4D-483F-9386-7E2299AB1860}.Debug|Any CPU.ActiveCfg = Debug|Any CPU
		{69FD6E33-7A4D-483F-9386-7E2299AB1860}.Debug|Any CPU.Build.0 = Debug|Any CPU
		{69FD6E33-7A4D-483F-9386-7E2299AB1860}.Debug|x86.ActiveCfg = Debug|Any CPU
		{69FD6E33-7A4D-483F-9386-7E2299AB1860}.Debug|x86.Build.0 = Debug|Any CPU
		{69FD6E33-7A4D-483F-9386-7E2299AB1860}.Release|Any CPU.ActiveCfg = Release|Any CPU
		{69FD6E33-7A4D-483F-9386-7E2299AB1860}.Release|Any CPU.Build.0 = Release|Any CPU
		{69FD6E33-7A4D-483F-9386-7E2299AB1860}.Release|x86.ActiveCfg = Release|Any CPU
		{69FD6E33-7A4D-483F-9386-7E2299AB1860}.Release|x86.Build.0 = Release|Any CPU
		{5E6410E6-5ADB-4AC4-9093-FE0D1D239FEB}.Debug|Any CPU.ActiveCfg = Debug|Any CPU
		{5E6410E6-5ADB-4AC4-9093-FE0D1D239FEB}.Debug|Any CPU.Build.0 = Debug|Any CPU
		{5E6410E6-5ADB-4AC4-9093-FE0D1D239FEB}.Debug|x86.ActiveCfg = Debug|Any CPU
		{5E6410E6-5ADB-4AC4-9093-FE0D1D239FEB}.Debug|x86.Build.0 = Debug|Any CPU
		{5E6410E6-5ADB-4AC4-9093-FE0D1D239FEB}.Release|Any CPU.ActiveCfg = Release|Any CPU
		{5E6410E6-5ADB-4AC4-9093-FE0D1D239FEB}.Release|Any CPU.Build.0 = Release|Any CPU
		{5E6410E6-5ADB-4AC4-9093-FE0D1D239FEB}.Release|x86.ActiveCfg = Release|Any CPU
		{5E6410E6-5ADB-4AC4-9093-FE0D1D239FEB}.Release|x86.Build.0 = Release|Any CPU
		{DF6F7248-EE54-4B72-B68A-9B231CE27947}.Debug|Any CPU.ActiveCfg = Debug|Any CPU
		{DF6F7248-EE54-4B72-B68A-9B231CE27947}.Debug|Any CPU.Build.0 = Debug|Any CPU
		{DF6F7248-EE54-4B72-B68A-9B231CE27947}.Debug|x86.ActiveCfg = Debug|Any CPU
		{DF6F7248-EE54-4B72-B68A-9B231CE27947}.Debug|x86.Build.0 = Debug|Any CPU
		{DF6F7248-EE54-4B72-B68A-9B231CE27947}.Release|Any CPU.ActiveCfg = Release|Any CPU
		{DF6F7248-EE54-4B72-B68A-9B231CE27947}.Release|Any CPU.Build.0 = Release|Any CPU
		{DF6F7248-EE54-4B72-B68A-9B231CE27947}.Release|x86.ActiveCfg = Release|Any CPU
		{DF6F7248-EE54-4B72-B68A-9B231CE27947}.Release|x86.Build.0 = Release|Any CPU
		{199824DB-BA87-4308-81ED-A1DF3558BFA8}.Debug|Any CPU.ActiveCfg = Debug|Any CPU
		{199824DB-BA87-4308-81ED-A1DF3558BFA8}.Debug|Any CPU.Build.0 = Debug|Any CPU
		{199824DB-BA87-4308-81ED-A1DF3558BFA8}.Debug|x86.ActiveCfg = Debug|x86
		{199824DB-BA87-4308-81ED-A1DF3558BFA8}.Debug|x86.Build.0 = Debug|x86
		{199824DB-BA87-4308-81ED-A1DF3558BFA8}.Release|Any CPU.ActiveCfg = Release|Any CPU
		{199824DB-BA87-4308-81ED-A1DF3558BFA8}.Release|Any CPU.Build.0 = Release|Any CPU
		{199824DB-BA87-4308-81ED-A1DF3558BFA8}.Release|x86.ActiveCfg = Release|x86
		{199824DB-BA87-4308-81ED-A1DF3558BFA8}.Release|x86.Build.0 = Release|x86
		{4121736B-0EBE-488D-BBDC-2B05D32E5DAD}.Debug|Any CPU.ActiveCfg = Debug|Any CPU
		{4121736B-0EBE-488D-BBDC-2B05D32E5DAD}.Debug|Any CPU.Build.0 = Debug|Any CPU
		{4121736B-0EBE-488D-BBDC-2B05D32E5DAD}.Debug|x86.ActiveCfg = Debug|Any CPU
		{4121736B-0EBE-488D-BBDC-2B05D32E5DAD}.Debug|x86.Build.0 = Debug|Any CPU
		{4121736B-0EBE-488D-BBDC-2B05D32E5DAD}.Release|Any CPU.ActiveCfg = Release|Any CPU
		{4121736B-0EBE-488D-BBDC-2B05D32E5DAD}.Release|Any CPU.Build.0 = Release|Any CPU
		{4121736B-0EBE-488D-BBDC-2B05D32E5DAD}.Release|x86.ActiveCfg = Release|Any CPU
		{4121736B-0EBE-488D-BBDC-2B05D32E5DAD}.Release|x86.Build.0 = Release|Any CPU
		{EBBF8809-36D5-4984-8E33-7B18950BED9B}.Debug|Any CPU.ActiveCfg = Debug|Any CPU
		{EBBF8809-36D5-4984-8E33-7B18950BED9B}.Debug|Any CPU.Build.0 = Debug|Any CPU
		{EBBF8809-36D5-4984-8E33-7B18950BED9B}.Debug|x86.ActiveCfg = Debug|Any CPU
		{EBBF8809-36D5-4984-8E33-7B18950BED9B}.Debug|x86.Build.0 = Debug|Any CPU
		{EBBF8809-36D5-4984-8E33-7B18950BED9B}.Release|Any CPU.ActiveCfg = Release|Any CPU
		{EBBF8809-36D5-4984-8E33-7B18950BED9B}.Release|Any CPU.Build.0 = Release|Any CPU
		{EBBF8809-36D5-4984-8E33-7B18950BED9B}.Release|x86.ActiveCfg = Release|Any CPU
		{EBBF8809-36D5-4984-8E33-7B18950BED9B}.Release|x86.Build.0 = Release|Any CPU
		{0A060E83-1B7E-405E-B2E9-7B543EEE6D4C}.Debug|Any CPU.ActiveCfg = Debug|Any CPU
		{0A060E83-1B7E-405E-B2E9-7B543EEE6D4C}.Debug|Any CPU.Build.0 = Debug|Any CPU
		{0A060E83-1B7E-405E-B2E9-7B543EEE6D4C}.Debug|x86.ActiveCfg = Debug|Any CPU
		{0A060E83-1B7E-405E-B2E9-7B543EEE6D4C}.Debug|x86.Build.0 = Debug|Any CPU
		{0A060E83-1B7E-405E-B2E9-7B543EEE6D4C}.Release|Any CPU.ActiveCfg = Release|Any CPU
		{0A060E83-1B7E-405E-B2E9-7B543EEE6D4C}.Release|Any CPU.Build.0 = Release|Any CPU
		{0A060E83-1B7E-405E-B2E9-7B543EEE6D4C}.Release|x86.ActiveCfg = Release|Any CPU
		{0A060E83-1B7E-405E-B2E9-7B543EEE6D4C}.Release|x86.Build.0 = Release|Any CPU
		{68616DF8-3026-4F67-BE7C-1B27347303DD}.Debug|Any CPU.ActiveCfg = Debug|Any CPU
		{68616DF8-3026-4F67-BE7C-1B27347303DD}.Debug|Any CPU.Build.0 = Debug|Any CPU
		{68616DF8-3026-4F67-BE7C-1B27347303DD}.Debug|x86.ActiveCfg = Debug|Any CPU
		{68616DF8-3026-4F67-BE7C-1B27347303DD}.Debug|x86.Build.0 = Debug|Any CPU
		{68616DF8-3026-4F67-BE7C-1B27347303DD}.Release|Any CPU.ActiveCfg = Release|Any CPU
		{68616DF8-3026-4F67-BE7C-1B27347303DD}.Release|Any CPU.Build.0 = Release|Any CPU
		{68616DF8-3026-4F67-BE7C-1B27347303DD}.Release|x86.ActiveCfg = Release|Any CPU
		{68616DF8-3026-4F67-BE7C-1B27347303DD}.Release|x86.Build.0 = Release|Any CPU
		{A4D036D0-A716-4803-A902-E8C5513DC617}.Debug|Any CPU.ActiveCfg = Debug|Any CPU
		{A4D036D0-A716-4803-A902-E8C5513DC617}.Debug|Any CPU.Build.0 = Debug|Any CPU
		{A4D036D0-A716-4803-A902-E8C5513DC617}.Debug|x86.ActiveCfg = Debug|Any CPU
		{A4D036D0-A716-4803-A902-E8C5513DC617}.Debug|x86.Build.0 = Debug|Any CPU
		{A4D036D0-A716-4803-A902-E8C5513DC617}.Release|Any CPU.ActiveCfg = Release|Any CPU
		{A4D036D0-A716-4803-A902-E8C5513DC617}.Release|Any CPU.Build.0 = Release|Any CPU
		{A4D036D0-A716-4803-A902-E8C5513DC617}.Release|x86.ActiveCfg = Release|Any CPU
		{A4D036D0-A716-4803-A902-E8C5513DC617}.Release|x86.Build.0 = Release|Any CPU
		{8F5C3A8A-9385-4C39-AD32-89989A88984C}.Debug|Any CPU.ActiveCfg = Debug|Any CPU
		{8F5C3A8A-9385-4C39-AD32-89989A88984C}.Debug|Any CPU.Build.0 = Debug|Any CPU
		{8F5C3A8A-9385-4C39-AD32-89989A88984C}.Debug|x86.ActiveCfg = Debug|Any CPU
		{8F5C3A8A-9385-4C39-AD32-89989A88984C}.Debug|x86.Build.0 = Debug|Any CPU
		{8F5C3A8A-9385-4C39-AD32-89989A88984C}.Release|Any CPU.ActiveCfg = Release|Any CPU
		{8F5C3A8A-9385-4C39-AD32-89989A88984C}.Release|Any CPU.Build.0 = Release|Any CPU
		{8F5C3A8A-9385-4C39-AD32-89989A88984C}.Release|x86.ActiveCfg = Release|Any CPU
		{8F5C3A8A-9385-4C39-AD32-89989A88984C}.Release|x86.Build.0 = Release|Any CPU
		{84044573-628F-4855-812B-A3FECE7FCF96}.Debug|Any CPU.ActiveCfg = Debug|Any CPU
		{84044573-628F-4855-812B-A3FECE7FCF96}.Debug|Any CPU.Build.0 = Debug|Any CPU
		{84044573-628F-4855-812B-A3FECE7FCF96}.Debug|x86.ActiveCfg = Debug|Any CPU
		{84044573-628F-4855-812B-A3FECE7FCF96}.Debug|x86.Build.0 = Debug|Any CPU
		{84044573-628F-4855-812B-A3FECE7FCF96}.Release|Any CPU.ActiveCfg = Release|Any CPU
		{84044573-628F-4855-812B-A3FECE7FCF96}.Release|Any CPU.Build.0 = Release|Any CPU
		{84044573-628F-4855-812B-A3FECE7FCF96}.Release|x86.ActiveCfg = Release|Any CPU
		{84044573-628F-4855-812B-A3FECE7FCF96}.Release|x86.Build.0 = Release|Any CPU
	EndGlobalSection
	GlobalSection(SolutionProperties) = preSolution
		HideSolutionNode = FALSE
	EndGlobalSection
	GlobalSection(NestedProjects) = preSolution
		{46084E5C-A328-4DDF-A8EF-82F99918647E} = {9BFB279B-0506-421C-8B42-FCC23F838ACA}
		{AC7A420C-A27F-4505-A3FF-2474F0F839CB} = {CF792AE1-D2CA-4507-AD2A-0B555674A028}
		{ED73024C-33BA-4E97-BA0E-8F684EE5830A} = {E47E2B17-2E50-4672-A7C3-9AF38C0117C7}
		{1CB6BA37-D4E7-456B-979A-EB4D1B91464A} = {E47E2B17-2E50-4672-A7C3-9AF38C0117C7}
		{88BC1D4D-44E2-460F-AFF9-2F69E69D3DE0} = {E47E2B17-2E50-4672-A7C3-9AF38C0117C7}
		{30CC2C3B-958B-4307-8D02-7827C8F490A9} = {E47E2B17-2E50-4672-A7C3-9AF38C0117C7}
		{3E92361C-F51A-4BF8-A59B-51C058C84096} = {44C29FCD-DF67-4104-8F4D-9DFFEE6D538A}
		{44C29FCD-DF67-4104-8F4D-9DFFEE6D538A} = {E47E2B17-2E50-4672-A7C3-9AF38C0117C7}
		{8B8FDAB0-1EA6-44E3-A87D-369D2D575386} = {44C29FCD-DF67-4104-8F4D-9DFFEE6D538A}
		{1E8CC013-7017-4E52-9B67-5B6D3F1DCD77} = {44C29FCD-DF67-4104-8F4D-9DFFEE6D538A}
		{69FD6E33-7A4D-483F-9386-7E2299AB1860} = {CF792AE1-D2CA-4507-AD2A-0B555674A028}
		{5E6410E6-5ADB-4AC4-9093-FE0D1D239FEB} = {CF792AE1-D2CA-4507-AD2A-0B555674A028}
		{8305FFB1-80DA-4C01-A918-A937E876A060} = {E47E2B17-2E50-4672-A7C3-9AF38C0117C7}
		{37806DC9-7C46-431F-8626-3271BC0380FB} = {8305FFB1-80DA-4C01-A918-A937E876A060}
		{DF6F7248-EE54-4B72-B68A-9B231CE27947} = {37806DC9-7C46-431F-8626-3271BC0380FB}
		{199824DB-BA87-4308-81ED-A1DF3558BFA8} = {CF792AE1-D2CA-4507-AD2A-0B555674A028}
		{50C652AB-9AA7-43A2-965F-44E037932D87} = {8305FFB1-80DA-4C01-A918-A937E876A060}
		{15E30DFD-6495-4CD4-8820-164693D1A15E} = {8305FFB1-80DA-4C01-A918-A937E876A060}
		{4121736B-0EBE-488D-BBDC-2B05D32E5DAD} = {15E30DFD-6495-4CD4-8820-164693D1A15E}
		{EBBF8809-36D5-4984-8E33-7B18950BED9B} = {15E30DFD-6495-4CD4-8820-164693D1A15E}
		{0A060E83-1B7E-405E-B2E9-7B543EEE6D4C} = {15E30DFD-6495-4CD4-8820-164693D1A15E}
		{68616DF8-3026-4F67-BE7C-1B27347303DD} = {50C652AB-9AA7-43A2-965F-44E037932D87}
		{DEE42C47-E293-4A4F-9233-9CC1963FC0DF} = {E47E2B17-2E50-4672-A7C3-9AF38C0117C7}
		{A4D036D0-A716-4803-A902-E8C5513DC617} = {DEE42C47-E293-4A4F-9233-9CC1963FC0DF}
		{8F5C3A8A-9385-4C39-AD32-89989A88984C} = {DEE42C47-E293-4A4F-9233-9CC1963FC0DF}
		{84044573-628F-4855-812B-A3FECE7FCF96} = {DEE42C47-E293-4A4F-9233-9CC1963FC0DF}
	EndGlobalSection
	GlobalSection(ExtensibilityGlobals) = postSolution
		SolutionGuid = {72284C64-C2D2-424E-A62C-AD7D2873A1EC}
	EndGlobalSection
EndGlobal
